
Microsoft Visual Studio Solution File, Format Version 12.00
# Visual Studio Version 17
VisualStudioVersion = 17.1.32414.318
MinimumVisualStudioVersion = 10.0.40219.1
Project("{2150E333-8FDC-42A3-9474-1A3956D46DE8}") = "String", "String", "{2711832F-732C-4230-AAAB-1FB02EA6142B}"
EndProject
Project("{FAE04EC0-301F-11D3-BF4B-00C04F79EFBC}") = "Substring and Replace", "Chalenge 1\Substring and Replace.csproj", "{5B4F8880-92BC-45B9-BE92-287B76B75E95}"
EndProject
Project("{FAE04EC0-301F-11D3-BF4B-00C04F79EFBC}") = "Print only one occurance of each alphabetic letter", "Print only one occurance of each alphabetic letter\Print only one occurance of each alphabetic letter.csproj", "{227F596B-EA73-49AF-BB2D-B1255BD34508}"
EndProject
Project("{FAE04EC0-301F-11D3-BF4B-00C04F79EFBC}") = "Reverse String", "Reverse String\Reverse String.csproj", "{4C8E046E-0A33-4513-A2D0-74E28BFF4786}"
EndProject
Project("{2150E333-8FDC-42A3-9474-1A3956D46DE8}") = "Methods", "Methods", "{2AD5ABE6-DF73-4433-A839-A68CB92ECE51}"
EndProject
Project("{FAE04EC0-301F-11D3-BF4B-00C04F79EFBC}") = "Lecture", "Lecture Telerik\Lecture.csproj", "{46AA6FFA-FA3D-4AEB-A410-F6FA684A54E6}"
EndProject
Project("{FAE04EC0-301F-11D3-BF4B-00C04F79EFBC}") = "Methods Exercise", "Methods Exercise\Methods Exercise.csproj", "{F59F7338-7012-46E4-811D-072A751BFB02}"
EndProject
Project("{2150E333-8FDC-42A3-9474-1A3956D46DE8}") = "Defining Classes and Objects", "Defining Classes and Objects", "{2FBD1833-5063-4B9C-95A4-41B8B348E3AD}"
EndProject
Project("{FAE04EC0-301F-11D3-BF4B-00C04F79EFBC}") = "Lecture", "Lecture\Lecture.csproj", "{DDDA0549-F506-4EED-A807-DF738EEF4B7F}"
EndProject
Project("{FAE04EC0-301F-11D3-BF4B-00C04F79EFBC}") = "Class Construction", "Class Construction\Class Construction.csproj", "{F0AD9E31-06F1-4149-B3FA-C7E55C6E28D1}"
EndProject
Project("{2150E333-8FDC-42A3-9474-1A3956D46DE8}") = "Coding Tasks", "Coding Tasks", "{2731193C-A3CF-40CC-BB7C-3F1B96A4129B}"
EndProject
Project("{FAE04EC0-301F-11D3-BF4B-00C04F79EFBC}") = "Game", "Game\Game.csproj", "{7CEC4B6F-A797-4125-AAB7-AE27D1ABD8B5}"
EndProject
Project("{FAE04EC0-301F-11D3-BF4B-00C04F79EFBC}") = "Electronic message", "Electronic message\Electronic message.csproj", "{F803422A-F7DE-4D40-92F2-AC05EB000137}"
EndProject
Project("{FAE04EC0-301F-11D3-BF4B-00C04F79EFBC}") = "Pin Code", "Pin Code\Pin Code.csproj", "{527A785A-44CB-4E13-AE43-9E2E6569051B}"
EndProject
Project("{FAE04EC0-301F-11D3-BF4B-00C04F79EFBC}") = "Arrangement", "Arrangement\Arrangement.csproj", "{298CAD6E-D8BF-416A-8539-B34CB0BCCA03}"
EndProject
Project("{FAE04EC0-301F-11D3-BF4B-00C04F79EFBC}") = "Check for Play Card", "Check for Play Card\Check for Play Card.csproj", "{CF40F5BC-63EE-4B32-A7A9-726AB43F91C3}"
EndProject
Project("{FAE04EC0-301F-11D3-BF4B-00C04F79EFBC}") = "Biggest Prime Number", "Biggest Prime Number\Biggest Prime Number.csproj", "{A99B13BB-1467-4D0A-9D50-C6DED318489D}"
EndProject
Project("{FAE04EC0-301F-11D3-BF4B-00C04F79EFBC}") = "Signal from Space", "Signal from Space\Signal from Space.csproj", "{A5480704-9AF2-489B-8DBE-E4599F9C0088}"
EndProject
Project("{FAE04EC0-301F-11D3-BF4B-00C04F79EFBC}") = "Good numbers", "Good numbers\Good numbers.csproj", "{D67F68ED-7E7C-4E06-AA71-B389894A9AC0}"
EndProject
Project("{FAE04EC0-301F-11D3-BF4B-00C04F79EFBC}") = "Array Search", "Array Search\Array Search.csproj", "{EB94B092-D2D8-4B0D-A269-A357D2247BDD}"
EndProject
Project("{FAE04EC0-301F-11D3-BF4B-00C04F79EFBC}") = "Combine Lists", "Combine Lists\Combine Lists.csproj", "{3129828B-E34F-4608-B3F1-A3747695771D}"
EndProject
Project("{FAE04EC0-301F-11D3-BF4B-00C04F79EFBC}") = "Most Frequent", "Most Frequent\Most Frequent.csproj", "{43AE8713-ABF8-49B8-A1C4-E0DB6A06C987}"
EndProject
Project("{FAE04EC0-301F-11D3-BF4B-00C04F79EFBC}") = "Above the Main Diagonal", "Above the Main Diagonal\Above the Main Diagonal.csproj", "{427B9632-4663-416B-A8E8-EDE51A75B3D8}"
EndProject
Project("{FAE04EC0-301F-11D3-BF4B-00C04F79EFBC}") = "Forest Road", "Forest Road\Forest Road.csproj", "{DE71DC3E-0D49-4793-9D62-04DE5DD3EA5F}"
EndProject
Project("{FAE04EC0-301F-11D3-BF4B-00C04F79EFBC}") = "Least Majority Multiple", "Least Majority Multiple\Least Majority Multiple.csproj", "{AD1C92DD-87D7-4422-B5F7-757D5F2F30DC}"
EndProject
Project("{FAE04EC0-301F-11D3-BF4B-00C04F79EFBC}") = "Snail", "Snail\Snail.csproj", "{CD69A8AB-1AC7-42F2-BC61-84AA1A06D2F3}"
EndProject
Project("{FAE04EC0-301F-11D3-BF4B-00C04F79EFBC}") = "TupleExample", "TupleExample\TupleExample.csproj", "{BBFC8762-C43A-4C8C-96CE-87838A2D3A9A}"
EndProject
Project("{FAE04EC0-301F-11D3-BF4B-00C04F79EFBC}") = "Second Lecture", "Second Lecture\Second Lecture.csproj", "{BF96916B-F52C-4FB6-98CD-B8AA73ECE69D}"
EndProject
Project("{FAE04EC0-301F-11D3-BF4B-00C04F79EFBC}") = "Class Exercise", "Class Exercise\Class Exercise.csproj", "{A072A47D-7CAD-4342-B39D-E5DE556F2526}"
EndProject
Global
	GlobalSection(SolutionConfigurationPlatforms) = preSolution
		Debug|Any CPU = Debug|Any CPU
		Release|Any CPU = Release|Any CPU
	EndGlobalSection
	GlobalSection(ProjectConfigurationPlatforms) = postSolution
		{5B4F8880-92BC-45B9-BE92-287B76B75E95}.Debug|Any CPU.ActiveCfg = Debug|Any CPU
		{5B4F8880-92BC-45B9-BE92-287B76B75E95}.Debug|Any CPU.Build.0 = Debug|Any CPU
		{5B4F8880-92BC-45B9-BE92-287B76B75E95}.Release|Any CPU.ActiveCfg = Release|Any CPU
		{5B4F8880-92BC-45B9-BE92-287B76B75E95}.Release|Any CPU.Build.0 = Release|Any CPU
		{227F596B-EA73-49AF-BB2D-B1255BD34508}.Debug|Any CPU.ActiveCfg = Debug|Any CPU
		{227F596B-EA73-49AF-BB2D-B1255BD34508}.Debug|Any CPU.Build.0 = Debug|Any CPU
		{227F596B-EA73-49AF-BB2D-B1255BD34508}.Release|Any CPU.ActiveCfg = Release|Any CPU
		{227F596B-EA73-49AF-BB2D-B1255BD34508}.Release|Any CPU.Build.0 = Release|Any CPU
		{4C8E046E-0A33-4513-A2D0-74E28BFF4786}.Debug|Any CPU.ActiveCfg = Debug|Any CPU
		{4C8E046E-0A33-4513-A2D0-74E28BFF4786}.Debug|Any CPU.Build.0 = Debug|Any CPU
		{4C8E046E-0A33-4513-A2D0-74E28BFF4786}.Release|Any CPU.ActiveCfg = Release|Any CPU
		{4C8E046E-0A33-4513-A2D0-74E28BFF4786}.Release|Any CPU.Build.0 = Release|Any CPU
		{46AA6FFA-FA3D-4AEB-A410-F6FA684A54E6}.Debug|Any CPU.ActiveCfg = Debug|Any CPU
		{46AA6FFA-FA3D-4AEB-A410-F6FA684A54E6}.Debug|Any CPU.Build.0 = Debug|Any CPU
		{46AA6FFA-FA3D-4AEB-A410-F6FA684A54E6}.Release|Any CPU.ActiveCfg = Release|Any CPU
		{46AA6FFA-FA3D-4AEB-A410-F6FA684A54E6}.Release|Any CPU.Build.0 = Release|Any CPU
		{F59F7338-7012-46E4-811D-072A751BFB02}.Debug|Any CPU.ActiveCfg = Debug|Any CPU
		{F59F7338-7012-46E4-811D-072A751BFB02}.Debug|Any CPU.Build.0 = Debug|Any CPU
		{F59F7338-7012-46E4-811D-072A751BFB02}.Release|Any CPU.ActiveCfg = Release|Any CPU
		{F59F7338-7012-46E4-811D-072A751BFB02}.Release|Any CPU.Build.0 = Release|Any CPU
		{DDDA0549-F506-4EED-A807-DF738EEF4B7F}.Debug|Any CPU.ActiveCfg = Debug|Any CPU
		{DDDA0549-F506-4EED-A807-DF738EEF4B7F}.Debug|Any CPU.Build.0 = Debug|Any CPU
		{DDDA0549-F506-4EED-A807-DF738EEF4B7F}.Release|Any CPU.ActiveCfg = Release|Any CPU
		{DDDA0549-F506-4EED-A807-DF738EEF4B7F}.Release|Any CPU.Build.0 = Release|Any CPU
		{F0AD9E31-06F1-4149-B3FA-C7E55C6E28D1}.Debug|Any CPU.ActiveCfg = Debug|Any CPU
		{F0AD9E31-06F1-4149-B3FA-C7E55C6E28D1}.Debug|Any CPU.Build.0 = Debug|Any CPU
		{F0AD9E31-06F1-4149-B3FA-C7E55C6E28D1}.Release|Any CPU.ActiveCfg = Release|Any CPU
		{F0AD9E31-06F1-4149-B3FA-C7E55C6E28D1}.Release|Any CPU.Build.0 = Release|Any CPU
		{7CEC4B6F-A797-4125-AAB7-AE27D1ABD8B5}.Debug|Any CPU.ActiveCfg = Debug|Any CPU
		{7CEC4B6F-A797-4125-AAB7-AE27D1ABD8B5}.Debug|Any CPU.Build.0 = Debug|Any CPU
		{7CEC4B6F-A797-4125-AAB7-AE27D1ABD8B5}.Release|Any CPU.ActiveCfg = Release|Any CPU
		{7CEC4B6F-A797-4125-AAB7-AE27D1ABD8B5}.Release|Any CPU.Build.0 = Release|Any CPU
		{F803422A-F7DE-4D40-92F2-AC05EB000137}.Debug|Any CPU.ActiveCfg = Debug|Any CPU
		{F803422A-F7DE-4D40-92F2-AC05EB000137}.Debug|Any CPU.Build.0 = Debug|Any CPU
		{F803422A-F7DE-4D40-92F2-AC05EB000137}.Release|Any CPU.ActiveCfg = Release|Any CPU
		{F803422A-F7DE-4D40-92F2-AC05EB000137}.Release|Any CPU.Build.0 = Release|Any CPU
		{527A785A-44CB-4E13-AE43-9E2E6569051B}.Debug|Any CPU.ActiveCfg = Debug|Any CPU
		{527A785A-44CB-4E13-AE43-9E2E6569051B}.Debug|Any CPU.Build.0 = Debug|Any CPU
		{527A785A-44CB-4E13-AE43-9E2E6569051B}.Release|Any CPU.ActiveCfg = Release|Any CPU
		{527A785A-44CB-4E13-AE43-9E2E6569051B}.Release|Any CPU.Build.0 = Release|Any CPU
		{298CAD6E-D8BF-416A-8539-B34CB0BCCA03}.Debug|Any CPU.ActiveCfg = Debug|Any CPU
		{298CAD6E-D8BF-416A-8539-B34CB0BCCA03}.Debug|Any CPU.Build.0 = Debug|Any CPU
		{298CAD6E-D8BF-416A-8539-B34CB0BCCA03}.Release|Any CPU.ActiveCfg = Release|Any CPU
		{298CAD6E-D8BF-416A-8539-B34CB0BCCA03}.Release|Any CPU.Build.0 = Release|Any CPU
		{CF40F5BC-63EE-4B32-A7A9-726AB43F91C3}.Debug|Any CPU.ActiveCfg = Debug|Any CPU
		{CF40F5BC-63EE-4B32-A7A9-726AB43F91C3}.Debug|Any CPU.Build.0 = Debug|Any CPU
		{CF40F5BC-63EE-4B32-A7A9-726AB43F91C3}.Release|Any CPU.ActiveCfg = Release|Any CPU
		{CF40F5BC-63EE-4B32-A7A9-726AB43F91C3}.Release|Any CPU.Build.0 = Release|Any CPU
		{A99B13BB-1467-4D0A-9D50-C6DED318489D}.Debug|Any CPU.ActiveCfg = Debug|Any CPU
		{A99B13BB-1467-4D0A-9D50-C6DED318489D}.Debug|Any CPU.Build.0 = Debug|Any CPU
		{A99B13BB-1467-4D0A-9D50-C6DED318489D}.Release|Any CPU.ActiveCfg = Release|Any CPU
		{A99B13BB-1467-4D0A-9D50-C6DED318489D}.Release|Any CPU.Build.0 = Release|Any CPU
		{A5480704-9AF2-489B-8DBE-E4599F9C0088}.Debug|Any CPU.ActiveCfg = Debug|Any CPU
		{A5480704-9AF2-489B-8DBE-E4599F9C0088}.Debug|Any CPU.Build.0 = Debug|Any CPU
		{A5480704-9AF2-489B-8DBE-E4599F9C0088}.Release|Any CPU.ActiveCfg = Release|Any CPU
		{A5480704-9AF2-489B-8DBE-E4599F9C0088}.Release|Any CPU.Build.0 = Release|Any CPU
		{D67F68ED-7E7C-4E06-AA71-B389894A9AC0}.Debug|Any CPU.ActiveCfg = Debug|Any CPU
		{D67F68ED-7E7C-4E06-AA71-B389894A9AC0}.Debug|Any CPU.Build.0 = Debug|Any CPU
		{D67F68ED-7E7C-4E06-AA71-B389894A9AC0}.Release|Any CPU.ActiveCfg = Release|Any CPU
		{D67F68ED-7E7C-4E06-AA71-B389894A9AC0}.Release|Any CPU.Build.0 = Release|Any CPU
		{EB94B092-D2D8-4B0D-A269-A357D2247BDD}.Debug|Any CPU.ActiveCfg = Debug|Any CPU
		{EB94B092-D2D8-4B0D-A269-A357D2247BDD}.Debug|Any CPU.Build.0 = Debug|Any CPU
		{EB94B092-D2D8-4B0D-A269-A357D2247BDD}.Release|Any CPU.ActiveCfg = Release|Any CPU
		{EB94B092-D2D8-4B0D-A269-A357D2247BDD}.Release|Any CPU.Build.0 = Release|Any CPU
		{3129828B-E34F-4608-B3F1-A3747695771D}.Debug|Any CPU.ActiveCfg = Debug|Any CPU
		{3129828B-E34F-4608-B3F1-A3747695771D}.Debug|Any CPU.Build.0 = Debug|Any CPU
		{3129828B-E34F-4608-B3F1-A3747695771D}.Release|Any CPU.ActiveCfg = Release|Any CPU
		{3129828B-E34F-4608-B3F1-A3747695771D}.Release|Any CPU.Build.0 = Release|Any CPU
		{43AE8713-ABF8-49B8-A1C4-E0DB6A06C987}.Debug|Any CPU.ActiveCfg = Debug|Any CPU
		{43AE8713-ABF8-49B8-A1C4-E0DB6A06C987}.Debug|Any CPU.Build.0 = Debug|Any CPU
		{43AE8713-ABF8-49B8-A1C4-E0DB6A06C987}.Release|Any CPU.ActiveCfg = Release|Any CPU
		{43AE8713-ABF8-49B8-A1C4-E0DB6A06C987}.Release|Any CPU.Build.0 = Release|Any CPU
		{427B9632-4663-416B-A8E8-EDE51A75B3D8}.Debug|Any CPU.ActiveCfg = Debug|Any CPU
		{427B9632-4663-416B-A8E8-EDE51A75B3D8}.Debug|Any CPU.Build.0 = Debug|Any CPU
		{427B9632-4663-416B-A8E8-EDE51A75B3D8}.Release|Any CPU.ActiveCfg = Release|Any CPU
		{427B9632-4663-416B-A8E8-EDE51A75B3D8}.Release|Any CPU.Build.0 = Release|Any CPU
		{DE71DC3E-0D49-4793-9D62-04DE5DD3EA5F}.Debug|Any CPU.ActiveCfg = Debug|Any CPU
		{DE71DC3E-0D49-4793-9D62-04DE5DD3EA5F}.Debug|Any CPU.Build.0 = Debug|Any CPU
		{DE71DC3E-0D49-4793-9D62-04DE5DD3EA5F}.Release|Any CPU.ActiveCfg = Release|Any CPU
		{DE71DC3E-0D49-4793-9D62-04DE5DD3EA5F}.Release|Any CPU.Build.0 = Release|Any CPU
		{AD1C92DD-87D7-4422-B5F7-757D5F2F30DC}.Debug|Any CPU.ActiveCfg = Debug|Any CPU
		{AD1C92DD-87D7-4422-B5F7-757D5F2F30DC}.Debug|Any CPU.Build.0 = Debug|Any CPU
		{AD1C92DD-87D7-4422-B5F7-757D5F2F30DC}.Release|Any CPU.ActiveCfg = Release|Any CPU
		{AD1C92DD-87D7-4422-B5F7-757D5F2F30DC}.Release|Any CPU.Build.0 = Release|Any CPU
		{CD69A8AB-1AC7-42F2-BC61-84AA1A06D2F3}.Debug|Any CPU.ActiveCfg = Debug|Any CPU
		{CD69A8AB-1AC7-42F2-BC61-84AA1A06D2F3}.Debug|Any CPU.Build.0 = Debug|Any CPU
		{CD69A8AB-1AC7-42F2-BC61-84AA1A06D2F3}.Release|Any CPU.ActiveCfg = Release|Any CPU
		{CD69A8AB-1AC7-42F2-BC61-84AA1A06D2F3}.Release|Any CPU.Build.0 = Release|Any CPU
		{BBFC8762-C43A-4C8C-96CE-87838A2D3A9A}.Debug|Any CPU.ActiveCfg = Debug|Any CPU
		{BBFC8762-C43A-4C8C-96CE-87838A2D3A9A}.Debug|Any CPU.Build.0 = Debug|Any CPU
		{BBFC8762-C43A-4C8C-96CE-87838A2D3A9A}.Release|Any CPU.ActiveCfg = Release|Any CPU
		{BBFC8762-C43A-4C8C-96CE-87838A2D3A9A}.Release|Any CPU.Build.0 = Release|Any CPU
		{BF96916B-F52C-4FB6-98CD-B8AA73ECE69D}.Debug|Any CPU.ActiveCfg = Debug|Any CPU
		{BF96916B-F52C-4FB6-98CD-B8AA73ECE69D}.Debug|Any CPU.Build.0 = Debug|Any CPU
		{BF96916B-F52C-4FB6-98CD-B8AA73ECE69D}.Release|Any CPU.ActiveCfg = Release|Any CPU
		{BF96916B-F52C-4FB6-98CD-B8AA73ECE69D}.Release|Any CPU.Build.0 = Release|Any CPU
		{A072A47D-7CAD-4342-B39D-E5DE556F2526}.Debug|Any CPU.ActiveCfg = Debug|Any CPU
		{A072A47D-7CAD-4342-B39D-E5DE556F2526}.Debug|Any CPU.Build.0 = Debug|Any CPU
		{A072A47D-7CAD-4342-B39D-E5DE556F2526}.Release|Any CPU.ActiveCfg = Release|Any CPU
		{A072A47D-7CAD-4342-B39D-E5DE556F2526}.Release|Any CPU.Build.0 = Release|Any CPU
	EndGlobalSection
	GlobalSection(SolutionProperties) = preSolution
		HideSolutionNode = FALSE
	EndGlobalSection
	GlobalSection(NestedProjects) = preSolution
		{5B4F8880-92BC-45B9-BE92-287B76B75E95} = {2711832F-732C-4230-AAAB-1FB02EA6142B}
		{227F596B-EA73-49AF-BB2D-B1255BD34508} = {2711832F-732C-4230-AAAB-1FB02EA6142B}
		{4C8E046E-0A33-4513-A2D0-74E28BFF4786} = {2711832F-732C-4230-AAAB-1FB02EA6142B}
		{46AA6FFA-FA3D-4AEB-A410-F6FA684A54E6} = {2AD5ABE6-DF73-4433-A839-A68CB92ECE51}
		{F59F7338-7012-46E4-811D-072A751BFB02} = {2AD5ABE6-DF73-4433-A839-A68CB92ECE51}
		{DDDA0549-F506-4EED-A807-DF738EEF4B7F} = {2FBD1833-5063-4B9C-95A4-41B8B348E3AD}
		{F0AD9E31-06F1-4149-B3FA-C7E55C6E28D1} = {2FBD1833-5063-4B9C-95A4-41B8B348E3AD}
		{7CEC4B6F-A797-4125-AAB7-AE27D1ABD8B5} = {2731193C-A3CF-40CC-BB7C-3F1B96A4129B}
		{F803422A-F7DE-4D40-92F2-AC05EB000137} = {2731193C-A3CF-40CC-BB7C-3F1B96A4129B}
		{527A785A-44CB-4E13-AE43-9E2E6569051B} = {2731193C-A3CF-40CC-BB7C-3F1B96A4129B}
		{298CAD6E-D8BF-416A-8539-B34CB0BCCA03} = {2731193C-A3CF-40CC-BB7C-3F1B96A4129B}
		{CF40F5BC-63EE-4B32-A7A9-726AB43F91C3} = {2731193C-A3CF-40CC-BB7C-3F1B96A4129B}
		{A99B13BB-1467-4D0A-9D50-C6DED318489D} = {2731193C-A3CF-40CC-BB7C-3F1B96A4129B}
		{A5480704-9AF2-489B-8DBE-E4599F9C0088} = {2731193C-A3CF-40CC-BB7C-3F1B96A4129B}
		{D67F68ED-7E7C-4E06-AA71-B389894A9AC0} = {2731193C-A3CF-40CC-BB7C-3F1B96A4129B}
		{EB94B092-D2D8-4B0D-A269-A357D2247BDD} = {2731193C-A3CF-40CC-BB7C-3F1B96A4129B}
		{3129828B-E34F-4608-B3F1-A3747695771D} = {2731193C-A3CF-40CC-BB7C-3F1B96A4129B}
		{43AE8713-ABF8-49B8-A1C4-E0DB6A06C987} = {2731193C-A3CF-40CC-BB7C-3F1B96A4129B}
		{427B9632-4663-416B-A8E8-EDE51A75B3D8} = {2731193C-A3CF-40CC-BB7C-3F1B96A4129B}
		{DE71DC3E-0D49-4793-9D62-04DE5DD3EA5F} = {2731193C-A3CF-40CC-BB7C-3F1B96A4129B}
		{AD1C92DD-87D7-4422-B5F7-757D5F2F30DC} = {2731193C-A3CF-40CC-BB7C-3F1B96A4129B}
		{CD69A8AB-1AC7-42F2-BC61-84AA1A06D2F3} = {2731193C-A3CF-40CC-BB7C-3F1B96A4129B}
		{BBFC8762-C43A-4C8C-96CE-87838A2D3A9A} = {2731193C-A3CF-40CC-BB7C-3F1B96A4129B}
		{BF96916B-F52C-4FB6-98CD-B8AA73ECE69D} = {2AD5ABE6-DF73-4433-A839-A68CB92ECE51}
		{A072A47D-7CAD-4342-B39D-E5DE556F2526} = {2731193C-A3CF-40CC-BB7C-3F1B96A4129B}
	EndGlobalSection
	GlobalSection(ExtensibilityGlobals) = postSolution
		SolutionGuid = {5C6E5F2E-9664-4B35-973E-A11586863735}
	EndGlobalSection
EndGlobal
